
Microsoft Visual Studio Solution File, Format Version 12.00
# Visual Studio Version 16
VisualStudioVersion = 16.0.32630.194
MinimumVisualStudioVersion = 10.0.40219.1
Project("{C9674DCB-5085-4A16-B785-4C70DD1589BD}") = "SSISProject1", "SSISProject1\SSISProject1.dtproj", "{2E40EBCC-B09C-46BE-8CAA-6CE67802DE8A}"
EndProject
Global
	GlobalSection(SolutionConfigurationPlatforms) = preSolution
		Development|Default = Development|Default
	EndGlobalSection
	GlobalSection(ProjectConfigurationPlatforms) = postSolution
		{2E40EBCC-B09C-46BE-8CAA-6CE67802DE8A}.Development|Default.ActiveCfg = Development
		{2E40EBCC-B09C-46BE-8CAA-6CE67802DE8A}.Development|Default.Build.0 = Development
	EndGlobalSection
	GlobalSection(SolutionProperties) = preSolution
		HideSolutionNode = FALSE
	EndGlobalSection
	GlobalSection(ExtensibilityGlobals) = postSolution
		SolutionGuid = {3F4F71F2-30A6-4B7E-8195-CA799621A0FA}
	EndGlobalSection
EndGlobal
